PODS:
  - CheckMarkView (0.4.3)
  - SwiftAssetsPickerController (0.4.0):
    - CheckMarkView (~> 0.4.2)

DEPENDENCIES:
  - SwiftAssetsPickerController (from `https://github.com/shu223/SwiftAssetsPickerController`, branch `temp/depth_swift5`)

SPEC REPOS:
  https://github.com/cocoapods/specs.git:
    - CheckMarkView

EXTERNAL SOURCES:
  SwiftAssetsPickerController:
    :branch: temp/depth_swift5
    :git: https://github.com/shu223/SwiftAssetsPickerController

CHECKOUT OPTIONS:
  SwiftAssetsPickerController:
    :commit: ad3d6cd42dd7748aeda013e94886e4e1f2d99936
    :git: https://github.com/shu223/SwiftAssetsPickerController

SPEC CHECKSUMS:
  CheckMarkView: 8bcac176673ed40d05f220d335de92f6a2702404
  SwiftAssetsPickerController: 878079b48016bba44ecd7651592fee04e24b6aae

PODFILE CHECKSUM: 512084885bec9ef324dea791ca9b2dfb58a7773b

COCOAPODS: 1.7.5
