// !$*UTF8*$!
{
	archiveVersion = 1;
	classes = {
	};
	objectVersion = 50;
	objects = {

/* Begin PBXBuildFile section */
		8A501FDA2399056E001A8F87 /* MetalKit.framework in Frameworks */ = {isa = PBXBuildFile; fileRef = 8A501FD82399055E001A8F87 /* MetalKit.framework */; };
		8A892BFD215DF7680094DB58 /* AppDelegate.swift in Sources */ = {isa = PBXBuildFile; fileRef = 8A892BFC215DF7680094DB58 /* AppDelegate.swift */; };
		8A892BFF215DF7680094DB58 /* ViewController.swift in Sources */ = {isa = PBXBuildFile; fileRef = 8A892BFE215DF7680094DB58 /* ViewController.swift */; };
		8A892C02215DF7680094DB58 /* Main.storyboard in Resources */ = {isa = PBXBuildFile; fileRef = 8A892C00215DF7680094DB58 /* Main.storyboard */; };
		8A892C04215DF7690094DB58 /* Assets.xcassets in Resources */ = {isa = PBXBuildFile; fileRef = 8A892C03215DF7690094DB58 /* Assets.xcassets */; };
		8A892C07215DF7690094DB58 /* LaunchScreen.storyboard in Resources */ = {isa = PBXBuildFile; fileRef = 8A892C05215DF7690094DB58 /* LaunchScreen.storyboard */; };
		8A892C12215E0FBF0094DB58 /* VideoCameraType.swift in Sources */ = {isa = PBXBuildFile; fileRef = 8A892C0F215E0FBF0094DB58 /* VideoCameraType.swift */; };
		8A892C13215E0FBF0094DB58 /* VideoCapture.swift in Sources */ = {isa = PBXBuildFile; fileRef = 8A892C10215E0FBF0094DB58 /* VideoCapture.swift */; };
		8A892C14215E0FBF0094DB58 /* AVCaptureDevice+Extension.swift in Sources */ = {isa = PBXBuildFile; fileRef = 8A892C11215E0FBF0094DB58 /* AVCaptureDevice+Extension.swift */; };
		8A892C27215E101C0094DB58 /* MetalRenderer.swift in Sources */ = {isa = PBXBuildFile; fileRef = 8A892C25215E101C0094DB58 /* MetalRenderer.swift */; };
		8A892C33215E103D0094DB58 /* AVDepthData+Utils.swift in Sources */ = {isa = PBXBuildFile; fileRef = 8A892C2C215E103D0094DB58 /* AVDepthData+Utils.swift */; };
		8A892C39215E10580094DB58 /* CVPixelBuffer+CIImage.swift in Sources */ = {isa = PBXBuildFile; fileRef = 8A892C38215E10580094DB58 /* CVPixelBuffer+CIImage.swift */; };
/* End PBXBuildFile section */

/* Begin PBXFileReference section */
		8A501FD82399055E001A8F87 /* MetalKit.framework */ = {isa = PBXFileReference; lastKnownFileType = wrapper.framework; name = MetalKit.framework; path = System/Library/Frameworks/MetalKit.framework; sourceTree = SDKROOT; };
		8A892BF9215DF7680094DB58 /* DepthInRealTime.app */ = {isa = PBXFileReference; explicitFileType = wrapper.application; includeInIndex = 0; path = DepthInRealTime.app; sourceTree = BUILT_PRODUCTS_DIR; };
		8A892BFC215DF7680094DB58 /* AppDelegate.swift */ = {isa = PBXFileReference; lastKnownFileType = sourcecode.swift; path = AppDelegate.swift; sourceTree = "<group>"; };
		8A892BFE215DF7680094DB58 /* ViewController.swift */ = {isa = PBXFileReference; lastKnownFileType = sourcecode.swift; path = ViewController.swift; sourceTree = "<group>"; };
		8A892C01215DF7680094DB58 /* Base */ = {isa = PBXFileReference; lastKnownFileType = file.storyboard; name = Base; path = Base.lproj/Main.storyboard; sourceTree = "<group>"; };
		8A892C03215DF7690094DB58 /* Assets.xcassets */ = {isa = PBXFileReference; lastKnownFileType = folder.assetcatalog; path = Assets.xcassets; sourceTree = "<group>"; };
		8A892C06215DF7690094DB58 /* Base */ = {isa = PBXFileReference; lastKnownFileType = file.storyboard; name = Base; path = Base.lproj/LaunchScreen.storyboard; sourceTree = "<group>"; };
		8A892C08215DF7690094DB58 /* Info.plist */ = {isa = PBXFileReference; lastKnownFileType = text.plist.xml; path = Info.plist; sourceTree = "<group>"; };
		8A892C0F215E0FBF0094DB58 /* VideoCameraType.swift */ = {isa = PBXFileReference; fileEncoding = 4; lastKnownFileType = sourcecode.swift; path = VideoCameraType.swift; sourceTree = "<group>"; };
		8A892C10215E0FBF0094DB58 /* VideoCapture.swift */ = {isa = PBXFileReference; fileEncoding = 4; lastKnownFileType = sourcecode.swift; path = VideoCapture.swift; sourceTree = "<group>"; };
		8A892C11215E0FBF0094DB58 /* AVCaptureDevice+Extension.swift */ = {isa = PBXFileReference; fileEncoding = 4; lastKnownFileType = sourcecode.swift; path = "AVCaptureDevice+Extension.swift"; sourceTree = "<group>"; };
		8A892C25215E101C0094DB58 /* MetalRenderer.swift */ = {isa = PBXFileReference; fileEncoding = 4; lastKnownFileType = sourcecode.swift; path = MetalRenderer.swift; sourceTree = "<group>"; };
		8A892C2C215E103D0094DB58 /* AVDepthData+Utils.swift */ = {isa = PBXFileReference; fileEncoding = 4; lastKnownFileType = sourcecode.swift; path = "AVDepthData+Utils.swift"; sourceTree = "<group>"; };
		8A892C38215E10580094DB58 /* CVPixelBuffer+CIImage.swift */ = {isa = PBXFileReference; fileEncoding = 4; lastKnownFileType = sourcecode.swift; path = "CVPixelBuffer+CIImage.swift"; sourceTree = "<group>"; };
/* End PBXFileReference section */

/* Begin PBXFrameworksBuildPhase section */
		8A892BF6215DF7680094DB58 /* Frameworks */ = {
			isa = PBXFrameworksBuildPhase;
			buildActionMask = 2147483647;
			files = (
				8A501FDA2399056E001A8F87 /* MetalKit.framework in Frameworks */,
			);
			runOnlyForDeploymentPostprocessing = 0;
		};
/* End PBXFrameworksBuildPhase section */

/* Begin PBXGroup section */
		8A501FD72399055E001A8F87 /* Frameworks */ = {
			isa = PBXGroup;
			children = (
				8A501FD82399055E001A8F87 /* MetalKit.framework */,
			);
			name = Frameworks;
			sourceTree = "<group>";
		};
		8A892BF0215DF7680094DB58 = {
			isa = PBXGroup;
			children = (
				8A892C29215E103D0094DB58 /* Utils */,
				8A892C24215E101C0094DB58 /* Renderer */,
				8A892C0E215E0FBF0094DB58 /* VideoCapture */,
				8A892BFB215DF7680094DB58 /* DepthInRealTime */,
				8A892BFA215DF7680094DB58 /* Products */,
				8A501FD72399055E001A8F87 /* Frameworks */,
			);
			sourceTree = "<group>";
		};
		8A892BFA215DF7680094DB58 /* Products */ = {
			isa = PBXGroup;
			children = (
				8A892BF9215DF7680094DB58 /* DepthInRealTime.app */,
			);
			name = Products;
			sourceTree = "<group>";
		};
		8A892BFB215DF7680094DB58 /* DepthInRealTime */ = {
			isa = PBXGroup;
			children = (
				8A892C08215DF7690094DB58 /* Info.plist */,
				8A892C03215DF7690094DB58 /* Assets.xcassets */,
				8A892C05215DF7690094DB58 /* LaunchScreen.storyboard */,
				8A892C00215DF7680094DB58 /* Main.storyboard */,
				8A892BFC215DF7680094DB58 /* AppDelegate.swift */,
				8A892BFE215DF7680094DB58 /* ViewController.swift */,
			);
			path = DepthInRealTime;
			sourceTree = "<group>";
		};
		8A892C0E215E0FBF0094DB58 /* VideoCapture */ = {
			isa = PBXGroup;
			children = (
				8A892C0F215E0FBF0094DB58 /* VideoCameraType.swift */,
				8A892C10215E0FBF0094DB58 /* VideoCapture.swift */,
				8A892C11215E0FBF0094DB58 /* AVCaptureDevice+Extension.swift */,
			);
			name = VideoCapture;
			path = ../VideoCapture;
			sourceTree = "<group>";
		};
		8A892C24215E101C0094DB58 /* Renderer */ = {
			isa = PBXGroup;
			children = (
				8A892C25215E101C0094DB58 /* MetalRenderer.swift */,
			);
			name = Renderer;
			path = ../Renderer;
			sourceTree = "<group>";
		};
		8A892C29215E103D0094DB58 /* Utils */ = {
			isa = PBXGroup;
			children = (
				8A892C38215E10580094DB58 /* CVPixelBuffer+CIImage.swift */,
				8A892C2C215E103D0094DB58 /* AVDepthData+Utils.swift */,
			);
			name = Utils;
			path = ../Utils;
			sourceTree = "<group>";
		};
/* End PBXGroup section */

/* Begin PBXNativeTarget section */
		8A892BF8215DF7680094DB58 /* DepthInRealTime */ = {
			isa = PBXNativeTarget;
			buildConfigurationList = 8A892C0B215DF7690094DB58 /* Build configuration list for PBXNativeTarget "DepthInRealTime" */;
			buildPhases = (
				8A892BF5215DF7680094DB58 /* Sources */,
				8A892BF6215DF7680094DB58 /* Frameworks */,
				8A892BF7215DF7680094DB58 /* Resources */,
			);
			buildRules = (
			);
			dependencies = (
			);
			name = DepthInRealTime;
			productName = DepthInRealTime;
			productReference = 8A892BF9215DF7680094DB58 /* DepthInRealTime.app */;
			productType = "com.apple.product-type.application";
		};
/* End PBXNativeTarget section */

/* Begin PBXProject section */
		8A892BF1215DF7680094DB58 /* Project object */ = {
			isa = PBXProject;
			attributes = {
				LastSwiftUpdateCheck = 1000;
				LastUpgradeCheck = 1000;
				ORGANIZATIONNAME = "Shuichi Tsutsumi";
				TargetAttributes = {
					8A892BF8215DF7680094DB58 = {
						CreatedOnToolsVersion = 10.0;
						LastSwiftMigration = 1020;
					};
				};
			};
			buildConfigurationList = 8A892BF4215DF7680094DB58 /* Build configuration list for PBXProject "DepthInRealTime" */;
			compatibilityVersion = "Xcode 9.3";
			developmentRegion = en;
			hasScannedForEncodings = 0;
			knownRegions = (
				en,
				Base,
			);
			mainGroup = 8A892BF0215DF7680094DB58;
			productRefGroup = 8A892BFA215DF7680094DB58 /* Products */;
			projectDirPath = "";
			projectRoot = "";
			targets = (
				8A892BF8215DF7680094DB58 /* DepthInRealTime */,
			);
		};
/* End PBXProject section */

/* Begin PBXResourcesBuildPhase section */
		8A892BF7215DF7680094DB58 /* Resources */ = {
			isa = PBXResourcesBuildPhase;
			buildActionMask = 2147483647;
			files = (
				8A892C07215DF7690094DB58 /* LaunchScreen.storyboard in Resources */,
				8A892C04215DF7690094DB58 /* Assets.xcassets in Resources */,
				8A892C02215DF7680094DB58 /* Main.storyboard in Resources */,
			);
			runOnlyForDeploymentPostprocessing = 0;
		};
/* End PBXResourcesBuildPhase section */

/* Begin PBXSourcesBuildPhase section */
		8A892BF5215DF7680094DB58 /* Sources */ = {
			isa = PBXSourcesBuildPhase;
			buildActionMask = 2147483647;
			files = (
				8A892C13215E0FBF0094DB58 /* VideoCapture.swift in Sources */,
				8A892BFF215DF7680094DB58 /* ViewController.swift in Sources */,
				8A892C39215E10580094DB58 /* CVPixelBuffer+CIImage.swift in Sources */,
				8A892C27215E101C0094DB58 /* MetalRenderer.swift in Sources */,
				8A892BFD215DF7680094DB58 /* AppDelegate.swift in Sources */,
				8A892C14215E0FBF0094DB58 /* AVCaptureDevice+Extension.swift in Sources */,
				8A892C33215E103D0094DB58 /* AVDepthData+Utils.swift in Sources */,
				8A892C12215E0FBF0094DB58 /* VideoCameraType.swift in Sources */,
			);
			runOnlyForDeploymentPostprocessing = 0;
		};
/* End PBXSourcesBuildPhase section */

/* Begin PBXVariantGroup section */
		8A892C00215DF7680094DB58 /* Main.storyboard */ = {
			isa = PBXVariantGroup;
			children = (
				8A892C01215DF7680094DB58 /* Base */,
			);
			name = Main.storyboard;
			sourceTree = "<group>";
		};
		8A892C05215DF7690094DB58 /* LaunchScreen.storyboard */ = {
			isa = PBXVariantGroup;
			children = (
				8A892C06215DF7690094DB58 /* Base */,
			);
			name = LaunchScreen.storyboard;
			sourceTree = "<group>";
		};
/* End PBXVariantGroup section */

/* Begin XCBuildConfiguration section */
		8A892C09215DF7690094DB58 /* Debug */ = {
			isa = XCBuildConfiguration;
			buildSettings = {
				ALWAYS_SEARCH_USER_PATHS = NO;
				CLANG_ANALYZER_NONNULL = YES;
				CLANG_ANALYZER_NUMBER_OBJECT_CONVERSION = YES_AGGRESSIVE;
				CLANG_CXX_LANGUAGE_STANDARD = "gnu++14";
				CLANG_CXX_LIBRARY = "libc++";
				CLANG_ENABLE_MODULES = YES;
				CLANG_ENABLE_OBJC_ARC = YES;
				CLANG_ENABLE_OBJC_WEAK = YES;
				CLANG_WARN_BLOCK_CAPTURE_AUTORELEASING = YES;
				CLANG_WARN_BOOL_CONVERSION = YES;
				CLANG_WARN_COMMA = YES;
				CLANG_WARN_CONSTANT_CONVERSION = YES;
				CLANG_WARN_DEPRECATED_OBJC_IMPLEMENTATIONS = YES;
				CLANG_WARN_DIRECT_OBJC_ISA_USAGE = YES_ERROR;
				CLANG_WARN_DOCUMENTATION_COMMENTS = YES;
				CLANG_WARN_EMPTY_BODY = YES;
				CLANG_WARN_ENUM_CONVERSION = YES;
				CLANG_WARN_INFINITE_RECURSION = YES;
				CLANG_WARN_INT_CONVERSION = YES;
				CLANG_WARN_NON_LITERAL_NULL_CONVERSION = YES;
				CLANG_WARN_OBJC_IMPLICIT_RETAIN_SELF = YES;
				CLANG_WARN_OBJC_LITERAL_CONVERSION = YES;
				CLANG_WARN_OBJC_ROOT_CLASS = YES_ERROR;
				CLANG_WARN_RANGE_LOOP_ANALYSIS = YES;
				CLANG_WARN_STRICT_PROTOTYPES = YES;
				CLANG_WARN_SUSPICIOUS_MOVE = YES;
				CLANG_WARN_UNGUARDED_AVAILABILITY = YES_AGGRESSIVE;
				CLANG_WARN_UNREACHABLE_CODE = YES;
				CLANG_WARN__DUPLICATE_METHOD_MATCH = YES;
				CODE_SIGN_IDENTITY = "iPhone Developer";
				COPY_PHASE_STRIP = NO;
				DEBUG_INFORMATION_FORMAT = dwarf;
				ENABLE_STRICT_OBJC_MSGSEND = YES;
				ENABLE_TESTABILITY = YES;
				GCC_C_LANGUAGE_STANDARD = gnu11;
				GCC_DYNAMIC_NO_PIC = NO;
				GCC_NO_COMMON_BLOCKS = YES;
				GCC_OPTIMIZATION_LEVEL = 0;
				GCC_PREPROCESSOR_DEFINITIONS = (
					"DEBUG=1",
					"$(inherited)",
				);
				GCC_WARN_64_TO_32_BIT_CONVERSION = YES;
				GCC_WARN_ABOUT_RETURN_TYPE = YES_ERROR;
				GCC_WARN_UNDECLARED_SELECTOR = YES;
				GCC_WARN_UNINITIALIZED_AUTOS = YES_AGGRESSIVE;
				GCC_WARN_UNUSED_FUNCTION = YES;
				GCC_WARN_UNUSED_VARIABLE = YES;
				IPHONEOS_DEPLOYMENT_TARGET = 12.0;
				MTL_ENABLE_DEBUG_INFO = INCLUDE_SOURCE;
				MTL_FAST_MATH = YES;
				ONLY_ACTIVE_ARCH = YES;
				SDKROOT = iphoneos;
				SWIFT_ACTIVE_COMPILATION_CONDITIONS = DEBUG;
				SWIFT_OPTIMIZATION_LEVEL = "-Onone";
			};
			name = Debug;
		};
		8A892C0A215DF7690094DB58 /* Release */ = {
			isa = XCBuildConfiguration;
			buildSettings = {
				ALWAYS_SEARCH_USER_PATHS = NO;
				CLANG_ANALYZER_NONNULL = YES;
				CLANG_ANALYZER_NUMBER_OBJECT_CONVERSION = YES_AGGRESSIVE;
				CLANG_CXX_LANGUAGE_STANDARD = "gnu++14";
				CLANG_CXX_LIBRARY = "libc++";
				CLANG_ENABLE_MODULES = YES;
				CLANG_ENABLE_OBJC_ARC = YES;
				CLANG_ENABLE_OBJC_WEAK = YES;
				CLANG_WARN_BLOCK_CAPTURE_AUTORELEASING = YES;
				CLANG_WARN_BOOL_CONVERSION = YES;
				CLANG_WARN_COMMA = YES;
				CLANG_WARN_CONSTANT_CONVERSION = YES;
				CLANG_WARN_DEPRECATED_OBJC_IMPLEMENTATIONS = YES;
				CLANG_WARN_DIRECT_OBJC_ISA_USAGE = YES_ERROR;
				CLANG_WARN_DOCUMENTATION_COMMENTS = YES;
				CLANG_WARN_EMPTY_BODY = YES;
				CLANG_WARN_ENUM_CONVERSION = YES;
				CLANG_WARN_INFINITE_RECURSION = YES;
				CLANG_WARN_INT_CONVERSION = YES;
				CLANG_WARN_NON_LITERAL_NULL_CONVERSION = YES;
				CLANG_WARN_OBJC_IMPLICIT_RETAIN_SELF = YES;
				CLANG_WARN_OBJC_LITERAL_CONVERSION = YES;
				CLANG_WARN_OBJC_ROOT_CLASS = YES_ERROR;
				CLANG_WARN_RANGE_LOOP_ANALYSIS = YES;
				CLANG_WARN_STRICT_PROTOTYPES = YES;
				CLANG_WARN_SUSPICIOUS_MOVE = YES;
				CLANG_WARN_UNGUARDED_AVAILABILITY = YES_AGGRESSIVE;
				CLANG_WARN_UNREACHABLE_CODE = YES;
				CLANG_WARN__DUPLICATE_METHOD_MATCH = YES;
				CODE_SIGN_IDENTITY = "iPhone Developer";
				COPY_PHASE_STRIP = NO;
				DEBUG_INFORMATION_FORMAT = "dwarf-with-dsym";
				ENABLE_NS_ASSERTIONS = NO;
				ENABLE_STRICT_OBJC_MSGSEND = YES;
				GCC_C_LANGUAGE_STANDARD = gnu11;
				GCC_NO_COMMON_BLOCKS = YES;
				GCC_WARN_64_TO_32_BIT_CONVERSION = YES;
				GCC_WARN_ABOUT_RETURN_TYPE = YES_ERROR;
				GCC_WARN_UNDECLARED_SELECTOR = YES;
				GCC_WARN_UNINITIALIZED_AUTOS = YES_AGGRESSIVE;
				GCC_WARN_UNUSED_FUNCTION = YES;
				GCC_WARN_UNUSED_VARIABLE = YES;
				IPHONEOS_DEPLOYMENT_TARGET = 12.0;
				MTL_ENABLE_DEBUG_INFO = NO;
				MTL_FAST_MATH = YES;
				SDKROOT = iphoneos;
				SWIFT_COMPILATION_MODE = wholemodule;
				SWIFT_OPTIMIZATION_LEVEL = "-O";
				VALIDATE_PRODUCT = YES;
			};
			name = Release;
		};
		8A892C0C215DF7690094DB58 /* Debug */ = {
			isa = XCBuildConfiguration;
			buildSettings = {
				ASSETCATALOG_COMPILER_APPICON_NAME = AppIcon;
				CODE_SIGN_STYLE = Automatic;
				DEVELOPMENT_TEAM = 9Z86A4AWDE;
				INFOPLIST_FILE = DepthInRealTime/Info.plist;
				LD_RUNPATH_SEARCH_PATHS = (
					"$(inherited)",
					"@executable_path/Frameworks",
				);
				PRODUCT_BUNDLE_IDENTIFIER = com.shu223.DepthInRealTime;
				PRODUCT_NAME = "$(TARGET_NAME)";
				SWIFT_VERSION = 5.0;
				TARGETED_DEVICE_FAMILY = "1,2";
			};
			name = Debug;
		};
		8A892C0D215DF7690094DB58 /* Release */ = {
			isa = XCBuildConfiguration;
			buildSettings = {
				ASSETCATALOG_COMPILER_APPICON_NAME = AppIcon;
				CODE_SIGN_STYLE = Automatic;
				DEVELOPMENT_TEAM = 9Z86A4AWDE;
				INFOPLIST_FILE = DepthInRealTime/Info.plist;
				LD_RUNPATH_SEARCH_PATHS = (
					"$(inherited)",
					"@executable_path/Frameworks",
				);
				PRODUCT_BUNDLE_IDENTIFIER = com.shu223.DepthInRealTime;
				PRODUCT_NAME = "$(TARGET_NAME)";
				SWIFT_VERSION = 5.0;
				TARGETED_DEVICE_FAMILY = "1,2";
			};
			name = Release;
		};
/* End XCBuildConfiguration section */

/* Begin XCConfigurationList section */
		8A892BF4215DF7680094DB58 /* Build configuration list for PBXProject "DepthInRealTime" */ = {
			isa = XCConfigurationList;
			buildConfigurations = (
				8A892C09215DF7690094DB58 /* Debug */,
				8A892C0A215DF7690094DB58 /* Release */,
			);
			defaultConfigurationIsVisible = 0;
			defaultConfigurationName = Release;
		};
		8A892C0B215DF7690094DB58 /* Build configuration list for PBXNativeTarget "DepthInRealTime" */ = {
			isa = XCConfigurationList;
			buildConfigurations = (
				8A892C0C215DF7690094DB58 /* Debug */,
				8A892C0D215DF7690094DB58 /* Release */,
			);
			defaultConfigurationIsVisible = 0;
			defaultConfigurationName = Release;
		};
/* End XCConfigurationList section */
	};
	rootObject = 8A892BF1215DF7680094DB58 /* Project object */;
}
